{
  "nodes": {
    "clj-nix": {
      "inputs": {
        "devshell": "devshell",
        "nix-fetcher-data": "nix-fetcher-data",
        "nixpkgs": [
          "nixpkgs"
        ]
      },
      "locked": {
        "lastModified": 1776760934,
        "narHash": "sha256-WVzvTigFwWcJ0VkAFMzA3jE8kbHGahCJ0FJFqVYhPqM=",
        "owner": "jlesquembre",
        "repo": "clj-nix",
        "rev": "2b1290ee56e9bbd50e9b5874c985d34ad2f1b458",
        "type": "github"
      },
      "original": {
        "owner": "jlesquembre",
        "repo": "clj-nix",
        "rev": "2b1290ee56e9bbd50e9b5874c985d34ad2f1b458",
        "type": "github"
      }
    },
    "devshell": {
      "inputs": {
        "nixpkgs": [
          "clj-nix",
          "nixpkgs"
        ]
      },
      "locked": {
        "lastModified": 1768818222,
        "narHash": "sha256-460jc0+CZfyaO8+w8JNtlClB2n4ui1RbHfPTLkpwhU8=",
        "owner": "numtide",
        "repo": "devshell",
        "rev": "255a2b1725a20d060f566e4755dbf571bbbb5f76",
        "type": "github"
      },
      "original": {
        "owner": "numtide",
        "repo": "devshell",
        "type": "github"
      }
    },
    "flake-parts": {
      "inputs": {
        "nixpkgs-lib": "nixpkgs-lib"
      },
      "locked": {
        "lastModified": 1719745305,
        "narHash": "sha256-xwgjVUpqSviudEkpQnioeez1Uo2wzrsMaJKJClh+Bls=",
        "owner": "hercules-ci",
        "repo": "flake-parts",
        "rev": "c3c5ecc05edc7dafba779c6c1a61cd08ac6583e9",
        "type": "github"
      },
      "original": {
        "owner": "hercules-ci",
        "repo": "flake-parts",
        "type": "github"
      }
    },
    "nix-fetcher-data": {
      "inputs": {
        "flake-parts": "flake-parts",
        "nixpkgs": [
          "clj-nix",
          "nixpkgs"
        ]
      },
      "locked": {
        "lastModified": 1755022803,
        "narHash": "sha256-/QtBdVfZlrRJW5enUoWlBE2wrLXJBMJ45X0rZh0jiaU=",
        "owner": "jlesquembre",
        "repo": "nix-fetcher-data",
        "rev": "9da3926b1459d6ff15268072d1c51351b82811b9",
        "type": "github"
      },
      "original": {
        "owner": "jlesquembre",
        "repo": "nix-fetcher-data",
        "type": "github"
      }
    },
    "nixpkgs": {
      "locked": {
        "lastModified": 1788179007,
        "narHash": "sha256-hn1oU2rue2SYK8dAr8+WNZWtbsz1S2W5mnHlSEuh3bo=",
        "owner": "NixOS",
        "repo": "nixpkgs",
        "rev": "34ab99075ac4f7e40cf037eef32cb1c360bb85e9",
        "type": "github"
      },
      "original": {
        "owner": "NixOS",
        "ref": "nixos-unstable",
        "repo": "nixpkgs",
        "type": "github"
      }
    },
    "nixpkgs-lib": {
      "locked": {
        "lastModified": 1717284937,
        "narHash": "sha256-lIbdfCsf8LMFloheeE6N31+BMIeixqyQWbSr2vk79EQ=",
        "type": "tarball",
        "url": "https://github.com/NixOS/nixpkgs/archive/eb9ceca17df2ea50a250b6b27f7bf6ab0186f198.tar.gz"
      },
      "original": {
        "type": "tarball",
        "url": "https://github.com/NixOS/nixpkgs/archive/eb9ceca17df2ea50a250b6b27f7bf6ab0186f198.tar.gz"
      }
    },
    "penpot": {
      "flake": false,
      "locked": {
        "lastModified": 1787817613,
        "narHash": "sha256-9WZxy24W4dmniPWdTf5TFhAYqNH/YpSVEiHDCxDR6N4=",
        "owner": "penpot",
        "repo": "penpot",
        "rev": "1d2c37e52c733f74017d90b0fd1ae2d074a5c33d",
        "type": "github"
      },
      "original": {
        "owner": "penpot",
        "ref": "2.17.2",
        "repo": "penpot",
        "type": "github"
      }
    },
    "penpot-files": {
      "flake": false,
      "locked": {
        "lastModified": 1788774984,
        "narHash": "sha256-xNgDTAIYupQciwKWGVVjtYdC8d0QM4nQgBOMNxkVKxw=",
        "owner": "penpot",
        "repo": "penpot-files",
        "rev": "9b4e388b60af7bafa37c0603d94a48773f928f17",
        "type": "github"
      },
      "original": {
        "owner": "penpot",
        "ref": "main",
        "repo": "penpot-files",
        "type": "github"
      }
    },
    "root": {
      "inputs": {
        "clj-nix": "clj-nix",
        "nixpkgs": "nixpkgs",
        "penpot": "penpot",
        "penpot-files": "penpot-files"
      }
    }
  },
  "root": "root",
  "version": 7
}
